
Microsoft Visual Studio Solution File, Format Version 12.00
Project("{FAE04EC0-301F-11D3-BF4B-00C04F79EFBC}") = "AvaloniaFontNamesRepro", "AvaloniaFontNamesRepro\AvaloniaFontNamesRepro.csproj", "{9B3F4BB8-0D95-401B-A3A9-211B6D4AC5CC}"
EndProject
Global
	GlobalSection(SolutionConfigurationPlatforms) = preSolution
		Debug|Any CPU = Debug|Any CPU
		Release|Any CPU = Release|Any CPU
	EndGlobalSection
	GlobalSection(ProjectConfigurationPlatforms) = postSolution
		{9B3F4BB8-0D95-401B-A3A9-211B6D4AC5CC}.Debug|Any CPU.ActiveCfg = Debug|Any CPU
		{9B3F4BB8-0D95-401B-A3A9-211B6D4AC5CC}.Debug|Any CPU.Build.0 = Debug|Any CPU
		{9B3F4BB8-0D95-401B-A3A9-211B6D4AC5CC}.Release|Any CPU.ActiveCfg = Release|Any CPU
		{9B3F4BB8-0D95-401B-A3A9-211B6D4AC5CC}.Release|Any CPU.Build.0 = Release|Any CPU
	EndGlobalSection
EndGlobal
